// !$*UTF8*$!
{
	archiveVersion = 1;
	classes = {
	};
	objectVersion = 55;
	objects = {

/* Begin PBXBuildFile section */
		F43D9B1A284C80D5002708CC /* AppDelegate.swift in Sources */ = {isa = PBXBuildFile; fileRef = F43D9B19284C80D5002708CC /* AppDelegate.swift */; };
		F43D9B1C284C80D5002708CC /* SceneDelegate.swift in Sources */ = {isa = PBXBuildFile; fileRef = F43D9B1B284C80D5002708CC /* SceneDelegate.swift */; };
		F43D9B1E284C80D5002708CC /* ViewController.swift in Sources */ = {isa = PBXBuildFile; fileRef = F43D9B1D284C80D5002708CC /* ViewController.swift */; };
		F43D9B21284C80D5002708CC /* Main.storyboard in Resources */ = {isa = PBXBuildFile; fileRef = F43D9B1F284C80D5002708CC /* Main.storyboard */; };
		F43D9B23284C80D6002708CC /* Assets.xcassets in Resources */ = {isa = PBXBuildFile; fileRef = F43D9B22284C80D6002708CC /* Assets.xcassets */; };
		F43D9B26284C80D6002708CC /* LaunchScreen.storyboard in Resources */ = {isa = PBXBuildFile; fileRef = F43D9B24284C80D6002708CC /* LaunchScreen.storyboard */; };
		F43D9B2E284C851C002708CC /* SimpleFactory1ViewController.swift in Sources */ = {isa = PBXBuildFile; fileRef = F43D9B2D284C851C002708CC /* SimpleFactory1ViewController.swift */; };
		F43D9B31284C8909002708CC /* Operation.swift in Sources */ = {isa = PBXBuildFile; fileRef = F43D9B30284C8909002708CC /* Operation.swift */; };
		F43D9B33284C8C68002708CC /* OperationFactory.swift in Sources */ = {isa = PBXBuildFile; fileRef = F43D9B32284C8C68002708CC /* OperationFactory.swift */; };
		F43D9B36284C92F3002708CC /* SimpleFactory2ViewController.swift in Sources */ = {isa = PBXBuildFile; fileRef = F43D9B35284C92F3002708CC /* SimpleFactory2ViewController.swift */; };
		F43D9B38284C9619002708CC /* CashSuper.swift in Sources */ = {isa = PBXBuildFile; fileRef = F43D9B37284C9619002708CC /* CashSuper.swift */; };
		F43D9B3A284C9C43002708CC /* CashSuperFactory.swift in Sources */ = {isa = PBXBuildFile; fileRef = F43D9B39284C9C43002708CC /* CashSuperFactory.swift */; };
		F43D9B3D284CA510002708CC /* StrategyPatternViewController.swift in Sources */ = {isa = PBXBuildFile; fileRef = F43D9B3C284CA510002708CC /* StrategyPatternViewController.swift */; };
		F43D9B3F284CAA2E002708CC /* CashContext.swift in Sources */ = {isa = PBXBuildFile; fileRef = F43D9B3E284CAA2E002708CC /* CashContext.swift */; };
		F43D9B42284CCAAD002708CC /* StrategyPatternPlusSimpleFactoryViewController.swift in Sources */ = {isa = PBXBuildFile; fileRef = F43D9B41284CCAAD002708CC /* StrategyPatternPlusSimpleFactoryViewController.swift */; };
		F43D9B44284CCC76002708CC /* CashContextNew.swift in Sources */ = {isa = PBXBuildFile; fileRef = F43D9B43284CCC76002708CC /* CashContextNew.swift */; };
		F4CDC84C2854E47B00BC0D04 /* Person.swift in Sources */ = {isa = PBXBuildFile; fileRef = F4CDC84B2854E47B00BC0D04 /* Person.swift */; };
		F4CDC84E2854F48100BC0D04 /* Finery.swift in Sources */ = {isa = PBXBuildFile; fileRef = F4CDC84D2854F48100BC0D04 /* Finery.swift */; };
		F4CDC850285505E300BC0D04 /* DecoratorViewController.swift in Sources */ = {isa = PBXBuildFile; fileRef = F4CDC84F285505E300BC0D04 /* DecoratorViewController.swift */; };
		F4CDC8532855096700BC0D04 /* ProxyViewController.swift in Sources */ = {isa = PBXBuildFile; fileRef = F4CDC8522855096700BC0D04 /* ProxyViewController.swift */; };
		F4CDC8552855898100BC0D04 /* Persuit.swift in Sources */ = {isa = PBXBuildFile; fileRef = F4CDC8542855898100BC0D04 /* Persuit.swift */; };
		F4CDC85728558E1300BC0D04 /* PersuitProxy.swift in Sources */ = {isa = PBXBuildFile; fileRef = F4CDC85628558E1300BC0D04 /* PersuitProxy.swift */; };
		F4CDC85928558E3600BC0D04 /* Girl.swift in Sources */ = {isa = PBXBuildFile; fileRef = F4CDC85828558E3600BC0D04 /* Girl.swift */; };
		F4CDC85C285597F700BC0D04 /* FactoryViewController.swift in Sources */ = {isa = PBXBuildFile; fileRef = F4CDC85B285597F700BC0D04 /* FactoryViewController.swift */; };
		F4CDC85E285598C100BC0D04 /* FacoryProtocol.swift in Sources */ = {isa = PBXBuildFile; fileRef = F4CDC85D285598C100BC0D04 /* FacoryProtocol.swift */; };
		F4CDC8612855BE5800BC0D04 /* Factory2ViewController.swift in Sources */ = {isa = PBXBuildFile; fileRef = F4CDC8602855BE5800BC0D04 /* Factory2ViewController.swift */; };
		F4CDC8632855BE8500BC0D04 /* Nightingale.swift in Sources */ = {isa = PBXBuildFile; fileRef = F4CDC8622855BE8500BC0D04 /* Nightingale.swift */; };
		F4CDC8652855C03200BC0D04 /* NightingaleFactoryProtocol.swift in Sources */ = {isa = PBXBuildFile; fileRef = F4CDC8642855C03200BC0D04 /* NightingaleFactoryProtocol.swift */; };
		F4CDC86A2855D46E00BC0D04 /* ProtoViewController.swift in Sources */ = {isa = PBXBuildFile; fileRef = F4CDC8692855D46E00BC0D04 /* ProtoViewController.swift */; };
		F4CDC88C2855EA1E00BC0D04 /* Resume.swift in Sources */ = {isa = PBXBuildFile; fileRef = F4CDC88B2855EA1E00BC0D04 /* Resume.swift */; };
		F4CDC88F2855F01000BC0D04 /* TemplateMethodViewController.swift in Sources */ = {isa = PBXBuildFile; fileRef = F4CDC88E2855F01000BC0D04 /* TemplateMethodViewController.swift */; };
		F4CDC891285778B900BC0D04 /* TeacherPaper.swift in Sources */ = {isa = PBXBuildFile; fileRef = F4CDC890285778B900BC0D04 /* TeacherPaper.swift */; };
		F4CDC894285DE28000BC0D04 /* FacadeViewController.swift in Sources */ = {isa = PBXBuildFile; fileRef = F4CDC893285DE28000BC0D04 /* FacadeViewController.swift */; };
		F4CDC896285DE4C600BC0D04 /* FundInc.swift in Sources */ = {isa = PBXBuildFile; fileRef = F4CDC895285DE4C600BC0D04 /* FundInc.swift */; };
		F4CDC898285DE66D00BC0D04 /* Stock.swift in Sources */ = {isa = PBXBuildFile; fileRef = F4CDC897285DE66D00BC0D04 /* Stock.swift */; };
		F4CDC89B285EFBD700BC0D04 /* BuilderViewController.swift in Sources */ = {isa = PBXBuildFile; fileRef = F4CDC89A285EFBD700BC0D04 /* BuilderViewController.swift */; };
		F4CDC89D285EFC2700BC0D04 /* PersonBuilder.swift in Sources */ = {isa = PBXBuildFile; fileRef = F4CDC89C285EFC2700BC0D04 /* PersonBuilder.swift */; };
		F4CDC89F285EFC6D00BC0D04 /* PersonDirector.swift in Sources */ = {isa = PBXBuildFile; fileRef = F4CDC89E285EFC6D00BC0D04 /* PersonDirector.swift */; };
		F4CDC8A2285F042700BC0D04 /* BuilderPattern2ViewController.swift in Sources */ = {isa = PBXBuildFile; fileRef = F4CDC8A1285F042700BC0D04 /* BuilderPattern2ViewController.swift */; };
		F4CDC8A4285F0A1900BC0D04 /* CarBuilder.swift in Sources */ = {isa = PBXBuildFile; fileRef = F4CDC8A3285F0A1900BC0D04 /* CarBuilder.swift */; };
		F4CDC8A6285F0A4600BC0D04 /* CarDirector.swift in Sources */ = {isa = PBXBuildFile; fileRef = F4CDC8A5285F0A4600BC0D04 /* CarDirector.swift */; };
		F4CDC8A8285F0A5C00BC0D04 /* Car.swift in Sources */ = {isa = PBXBuildFile; fileRef = F4CDC8A7285F0A5C00BC0D04 /* Car.swift */; };
		F4CDC8AB285F18AA00BC0D04 /* ObserverPatternViewController.swift in Sources */ = {isa = PBXBuildFile; fileRef = F4CDC8AA285F18AA00BC0D04 /* ObserverPatternViewController.swift */; };
		F4CDC8AD285F1C6F00BC0D04 /* Informer.swift in Sources */ = {isa = PBXBuildFile; fileRef = F4CDC8AC285F1C6F00BC0D04 /* Informer.swift */; };
		F4CDC8AF285F1CB800BC0D04 /* Observer.swift in Sources */ = {isa = PBXBuildFile; fileRef = F4CDC8AE285F1CB800BC0D04 /* Observer.swift */; };
		F4CDC8B3285F469D00BC0D04 /* ObserverPattern_plus_EventHandlerViewController.swift in Sources */ = {isa = PBXBuildFile; fileRef = F4CDC8B2285F469D00BC0D04 /* ObserverPattern_plus_EventHandlerViewController.swift */; };
		F4CDC8B6285F48AC00BC0D04 /* Event.swift in Sources */ = {isa = PBXBuildFile; fileRef = F4CDC8B5285F48AC00BC0D04 /* Event.swift */; };
		F4CDC8B8285F48BE00BC0D04 /* EventHandler.swift in Sources */ = {isa = PBXBuildFile; fileRef = F4CDC8B7285F48BE00BC0D04 /* EventHandler.swift */; };
		F4CDC8BA285F492000BC0D04 /* InformerTwo.swift in Sources */ = {isa = PBXBuildFile; fileRef = F4CDC8B9285F492000BC0D04 /* InformerTwo.swift */; };
		F4CDC8BC285F493100BC0D04 /* ObserverTwo.swift in Sources */ = {isa = PBXBuildFile; fileRef = F4CDC8BB285F493100BC0D04 /* ObserverTwo.swift */; };
		F4CDC8BF28609B5300BC0D04 /* AbstractFactoryViewController.swift in Sources */ = {isa = PBXBuildFile; fileRef = F4CDC8BE28609B5300BC0D04 /* AbstractFactoryViewController.swift */; };
		F4CDC8C128609CCF00BC0D04 /* User.swift in Sources */ = {isa = PBXBuildFile; fileRef = F4CDC8C028609CCF00BC0D04 /* User.swift */; };
		F4CDC8C32860A25A00BC0D04 /* AbstractFactoryProtocol.swift in Sources */ = {isa = PBXBuildFile; fileRef = F4CDC8C22860A25A00BC0D04 /* AbstractFactoryProtocol.swift */; };
		F4CDC8C52860A77F00BC0D04 /* Department.swift in Sources */ = {isa = PBXBuildFile; fileRef = F4CDC8C42860A77F00BC0D04 /* Department.swift */; };
		F4CDC8C72860A82E00BC0D04 /* DepartmentFactoryProtocol.swift in Sources */ = {isa = PBXBuildFile; fileRef = F4CDC8C62860A82E00BC0D04 /* DepartmentFactoryProtocol.swift */; };
		F4CDC8CA2860DC5400BC0D04 /* AbstractFactory_plus_SimpleFactoryViewController.swift in Sources */ = {isa = PBXBuildFile; fileRef = F4CDC8C92860DC5400BC0D04 /* AbstractFactory_plus_SimpleFactoryViewController.swift */; };
		F4CDC8CC2860DC8300BC0D04 /* DataAccess.swift in Sources */ = {isa = PBXBuildFile; fileRef = F4CDC8CB2860DC8300BC0D04 /* DataAccess.swift */; };
		F4CDC8D028615A0700BC0D04 /* StringExtension.swift in Sources */ = {isa = PBXBuildFile; fileRef = F4CDC8CF28615A0700BC0D04 /* StringExtension.swift */; };
		F4CDC8D228615B6200BC0D04 /* Part1ViewController.swift in Sources */ = {isa = PBXBuildFile; fileRef = F4CDC8D128615B6200BC0D04 /* Part1ViewController.swift */; };
		F4CDC8D628615ECE00BC0D04 /* StatePatternViewController.swift in Sources */ = {isa = PBXBuildFile; fileRef = F4CDC8D528615ECE00BC0D04 /* StatePatternViewController.swift */; };
		F4CDC8D928615EEC00BC0D04 /* Part2ViewController.swift in Sources */ = {isa = PBXBuildFile; fileRef = F4CDC8D828615EEC00BC0D04 /* Part2ViewController.swift */; };
		F4CDC8DB2861EEB900BC0D04 /* Work.swift in Sources */ = {isa = PBXBuildFile; fileRef = F4CDC8DA2861EEB900BC0D04 /* Work.swift */; };
		F4CDC8DD2861EEFB00BC0D04 /* State.swift in Sources */ = {isa = PBXBuildFile; fileRef = F4CDC8DC2861EEFB00BC0D04 /* State.swift */; };
		F4CDC8E02861FDF500BC0D04 /* AdapterPatternViewController.swift in Sources */ = {isa = PBXBuildFile; fileRef = F4CDC8DF2861FDF500BC0D04 /* AdapterPatternViewController.swift */; };
/* End PBXBuildFile section */

/* Begin PBXFileReference section */
		F43D9B16284C80D5002708CC /* DesignPattern.app */ = {isa = PBXFileReference; explicitFileType = wrapper.application; includeInIndex = 0; path = DesignPattern.app; sourceTree = BUILT_PRODUCTS_DIR; };
		F43D9B19284C80D5002708CC /* AppDelegate.swift */ = {isa = PBXFileReference; lastKnownFileType = sourcecode.swift; path = AppDelegate.swift; sourceTree = "<group>"; };
		F43D9B1B284C80D5002708CC /* SceneDelegate.swift */ = {isa = PBXFileReference; lastKnownFileType = sourcecode.swift; path = SceneDelegate.swift; sourceTree = "<group>"; };
		F43D9B1D284C80D5002708CC /* ViewController.swift */ = {isa = PBXFileReference; lastKnownFileType = sourcecode.swift; path = ViewController.swift; sourceTree = "<group>"; };
		F43D9B20284C80D5002708CC /* Base */ = {isa = PBXFileReference; lastKnownFileType = file.storyboard; name = Base; path = Base.lproj/Main.storyboard; sourceTree = "<group>"; };
		F43D9B22284C80D6002708CC /* Assets.xcassets */ = {isa = PBXFileReference; lastKnownFileType = folder.assetcatalog; path = Assets.xcassets; sourceTree = "<group>"; };
		F43D9B25284C80D6002708CC /* Base */ = {isa = PBXFileReference; lastKnownFileType = file.storyboard; name = Base; path = Base.lproj/LaunchScreen.storyboard; sourceTree = "<group>"; };
		F43D9B27284C80D6002708CC /* Info.plist */ = {isa = PBXFileReference; lastKnownFileType = text.plist.xml; path = Info.plist; sourceTree = "<group>"; };
		F43D9B2D284C851C002708CC /* SimpleFactory1ViewController.swift */ = {isa = PBXFileReference; lastKnownFileType = sourcecode.swift; path = SimpleFactory1ViewController.swift; sourceTree = "<group>"; };
		F43D9B30284C8909002708CC /* Operation.swift */ = {isa = PBXFileReference; lastKnownFileType = sourcecode.swift; path = Operation.swift; sourceTree = "<group>"; };
		F43D9B32284C8C68002708CC /* OperationFactory.swift */ = {isa = PBXFileReference; lastKnownFileType = sourcecode.swift; path = OperationFactory.swift; sourceTree = "<group>"; };
		F43D9B35284C92F3002708CC /* SimpleFactory2ViewController.swift */ = {isa = PBXFileReference; lastKnownFileType = sourcecode.swift; path = SimpleFactory2ViewController.swift; sourceTree = "<group>"; };
		F43D9B37284C9619002708CC /* CashSuper.swift */ = {isa = PBXFileReference; lastKnownFileType = sourcecode.swift; path = CashSuper.swift; sourceTree = "<group>"; };
		F43D9B39284C9C43002708CC /* CashSuperFactory.swift */ = {isa = PBXFileReference; lastKnownFileType = sourcecode.swift; path = CashSuperFactory.swift; sourceTree = "<group>"; };
		F43D9B3C284CA510002708CC /* StrategyPatternViewController.swift */ = {isa = PBXFileReference; lastKnownFileType = sourcecode.swift; path = StrategyPatternViewController.swift; sourceTree = "<group>"; };
		F43D9B3E284CAA2E002708CC /* CashContext.swift */ = {isa = PBXFileReference; lastKnownFileType = sourcecode.swift; path = CashContext.swift; sourceTree = "<group>"; };
		F43D9B41284CCAAD002708CC /* StrategyPatternPlusSimpleFactoryViewController.swift */ = {isa = PBXFileReference; lastKnownFileType = sourcecode.swift; path = StrategyPatternPlusSimpleFactoryViewController.swift; sourceTree = "<group>"; };
		F43D9B43284CCC76002708CC /* CashContextNew.swift */ = {isa = PBXFileReference; lastKnownFileType = sourcecode.swift; path = CashContextNew.swift; sourceTree = "<group>"; };
		F4CDC84B2854E47B00BC0D04 /* Person.swift */ = {isa = PBXFileReference; lastKnownFileType = sourcecode.swift; path = Person.swift; sourceTree = "<group>"; };
		F4CDC84D2854F48100BC0D04 /* Finery.swift */ = {isa = PBXFileReference; lastKnownFileType = sourcecode.swift; path = Finery.swift; sourceTree = "<group>"; };
		F4CDC84F285505E300BC0D04 /* DecoratorViewController.swift */ = {isa = PBXFileReference; lastKnownFileType = sourcecode.swift; path = DecoratorViewController.swift; sourceTree = "<group>"; };
		F4CDC8522855096700BC0D04 /* ProxyViewController.swift */ = {isa = PBXFileReference; lastKnownFileType = sourcecode.swift; path = ProxyViewController.swift; sourceTree = "<group>"; };
		F4CDC8542855898100BC0D04 /* Persuit.swift */ = {isa = PBXFileReference; lastKnownFileType = sourcecode.swift; path = Persuit.swift; sourceTree = "<group>"; };
		F4CDC85628558E1300BC0D04 /* PersuitProxy.swift */ = {isa = PBXFileReference; lastKnownFileType = sourcecode.swift; path = PersuitProxy.swift; sourceTree = "<group>"; };
		F4CDC85828558E3600BC0D04 /* Girl.swift */ = {isa = PBXFileReference; lastKnownFileType = sourcecode.swift; path = Girl.swift; sourceTree = "<group>"; };
		F4CDC85B285597F700BC0D04 /* FactoryViewController.swift */ = {isa = PBXFileReference; lastKnownFileType = sourcecode.swift; path = FactoryViewController.swift; sourceTree = "<group>"; };
		F4CDC85D285598C100BC0D04 /* FacoryProtocol.swift */ = {isa = PBXFileReference; lastKnownFileType = sourcecode.swift; path = FacoryProtocol.swift; sourceTree = "<group>"; };
		F4CDC8602855BE5800BC0D04 /* Factory2ViewController.swift */ = {isa = PBXFileReference; lastKnownFileType = sourcecode.swift; path = Factory2ViewController.swift; sourceTree = "<group>"; };
		F4CDC8622855BE8500BC0D04 /* Nightingale.swift */ = {isa = PBXFileReference; lastKnownFileType = sourcecode.swift; path = Nightingale.swift; sourceTree = "<group>"; };
		F4CDC8642855C03200BC0D04 /* NightingaleFactoryProtocol.swift */ = {isa = PBXFileReference; lastKnownFileType = sourcecode.swift; path = NightingaleFactoryProtocol.swift; sourceTree = "<group>"; };
		F4CDC8692855D46E00BC0D04 /* ProtoViewController.swift */ = {isa = PBXFileReference; lastKnownFileType = sourcecode.swift; path = ProtoViewController.swift; sourceTree = "<group>"; };
		F4CDC88B2855EA1E00BC0D04 /* Resume.swift */ = {isa = PBXFileReference; lastKnownFileType = sourcecode.swift; path = Resume.swift; sourceTree = "<group>"; };
		F4CDC88E2855F01000BC0D04 /* TemplateMethodViewController.swift */ = {isa = PBXFileReference; lastKnownFileType = sourcecode.swift; path = TemplateMethodViewController.swift; sourceTree = "<group>"; };
		F4CDC890285778B900BC0D04 /* TeacherPaper.swift */ = {isa = PBXFileReference; lastKnownFileType = sourcecode.swift; path = TeacherPaper.swift; sourceTree = "<group>"; };
		F4CDC893285DE28000BC0D04 /* FacadeViewController.swift */ = {isa = PBXFileReference; lastKnownFileType = sourcecode.swift; path = FacadeViewController.swift; sourceTree = "<group>"; };
		F4CDC895285DE4C600BC0D04 /* FundInc.swift */ = {isa = PBXFileReference; lastKnownFileType = sourcecode.swift; path = FundInc.swift; sourceTree = "<group>"; };
		F4CDC897285DE66D00BC0D04 /* Stock.swift */ = {isa = PBXFileReference; lastKnownFileType = sourcecode.swift; path = Stock.swift; sourceTree = "<group>"; };
		F4CDC89A285EFBD700BC0D04 /* BuilderViewController.swift */ = {isa = PBXFileReference; lastKnownFileType = sourcecode.swift; path = BuilderViewController.swift; sourceTree = "<group>"; };
		F4CDC89C285EFC2700BC0D04 /* PersonBuilder.swift */ = {isa = PBXFileReference; lastKnownFileType = sourcecode.swift; path = PersonBuilder.swift; sourceTree = "<group>"; };
		F4CDC89E285EFC6D00BC0D04 /* PersonDirector.swift */ = {isa = PBXFileReference; lastKnownFileType = sourcecode.swift; path = PersonDirector.swift; sourceTree = "<group>"; };
		F4CDC8A1285F042700BC0D04 /* BuilderPattern2ViewController.swift */ = {isa = PBXFileReference; lastKnownFileType = sourcecode.swift; path = BuilderPattern2ViewController.swift; sourceTree = "<group>"; };
		F4CDC8A3285F0A1900BC0D04 /* CarBuilder.swift */ = {isa = PBXFileReference; lastKnownFileType = sourcecode.swift; path = CarBuilder.swift; sourceTree = "<group>"; };
		F4CDC8A5285F0A4600BC0D04 /* CarDirector.swift */ = {isa = PBXFileReference; lastKnownFileType = sourcecode.swift; path = CarDirector.swift; sourceTree = "<group>"; };
		F4CDC8A7285F0A5C00BC0D04 /* Car.swift */ = {isa = PBXFileReference; lastKnownFileType = sourcecode.swift; path = Car.swift; sourceTree = "<group>"; };
		F4CDC8AA285F18AA00BC0D04 /* ObserverPatternViewController.swift */ = {isa = PBXFileReference; lastKnownFileType = sourcecode.swift; path = ObserverPatternViewController.swift; sourceTree = "<group>"; };
		F4CDC8AC285F1C6F00BC0D04 /* Informer.swift */ = {isa = PBXFileReference; lastKnownFileType = sourcecode.swift; path = Informer.swift; sourceTree = "<group>"; };
		F4CDC8AE285F1CB800BC0D04 /* Observer.swift */ = {isa = PBXFileReference; lastKnownFileType = sourcecode.swift; path = Observer.swift; sourceTree = "<group>"; };
		F4CDC8B2285F469D00BC0D04 /* ObserverPattern_plus_EventHandlerViewController.swift */ = {isa = PBXFileReference; lastKnownFileType = sourcecode.swift; path = ObserverPattern_plus_EventHandlerViewController.swift; sourceTree = "<group>"; };
		F4CDC8B5285F48AC00BC0D04 /* Event.swift */ = {isa = PBXFileReference; lastKnownFileType = sourcecode.swift; path = Event.swift; sourceTree = "<group>"; };
		F4CDC8B7285F48BE00BC0D04 /* EventHandler.swift */ = {isa = PBXFileReference; lastKnownFileType = sourcecode.swift; path = EventHandler.swift; sourceTree = "<group>"; };
		F4CDC8B9285F492000BC0D04 /* InformerTwo.swift */ = {isa = PBXFileReference; lastKnownFileType = sourcecode.swift; path = InformerTwo.swift; sourceTree = "<group>"; };
		F4CDC8BB285F493100BC0D04 /* ObserverTwo.swift */ = {isa = PBXFileReference; lastKnownFileType = sourcecode.swift; path = ObserverTwo.swift; sourceTree = "<group>"; };
		F4CDC8BE28609B5300BC0D04 /* AbstractFactoryViewController.swift */ = {isa = PBXFileReference; lastKnownFileType = sourcecode.swift; path = AbstractFactoryViewController.swift; sourceTree = "<group>"; };
		F4CDC8C028609CCF00BC0D04 /* User.swift */ = {isa = PBXFileReference; lastKnownFileType = sourcecode.swift; path = User.swift; sourceTree = "<group>"; };
		F4CDC8C22860A25A00BC0D04 /* AbstractFactoryProtocol.swift */ = {isa = PBXFileReference; lastKnownFileType = sourcecode.swift; path = AbstractFactoryProtocol.swift; sourceTree = "<group>"; };
		F4CDC8C42860A77F00BC0D04 /* Department.swift */ = {isa = PBXFileReference; lastKnownFileType = sourcecode.swift; path = Department.swift; sourceTree = "<group>"; };
		F4CDC8C62860A82E00BC0D04 /* DepartmentFactoryProtocol.swift */ = {isa = PBXFileReference; lastKnownFileType = sourcecode.swift; path = DepartmentFactoryProtocol.swift; sourceTree = "<group>"; };
		F4CDC8C92860DC5400BC0D04 /* AbstractFactory_plus_SimpleFactoryViewController.swift */ = {isa = PBXFileReference; lastKnownFileType = sourcecode.swift; path = AbstractFactory_plus_SimpleFactoryViewController.swift; sourceTree = "<group>"; };
		F4CDC8CB2860DC8300BC0D04 /* DataAccess.swift */ = {isa = PBXFileReference; lastKnownFileType = sourcecode.swift; path = DataAccess.swift; sourceTree = "<group>"; };
		F4CDC8CF28615A0700BC0D04 /* StringExtension.swift */ = {isa = PBXFileReference; lastKnownFileType = sourcecode.swift; path = StringExtension.swift; sourceTree = "<group>"; };
		F4CDC8D128615B6200BC0D04 /* Part1ViewController.swift */ = {isa = PBXFileReference; lastKnownFileType = sourcecode.swift; path = Part1ViewController.swift; sourceTree = "<group>"; };
		F4CDC8D528615ECE00BC0D04 /* StatePatternViewController.swift */ = {isa = PBXFileReference; lastKnownFileType = sourcecode.swift; path = StatePatternViewController.swift; sourceTree = "<group>"; };
		F4CDC8D828615EEC00BC0D04 /* Part2ViewController.swift */ = {isa = PBXFileReference; lastKnownFileType = sourcecode.swift; path = Part2ViewController.swift; sourceTree = "<group>"; };
		F4CDC8DA2861EEB900BC0D04 /* Work.swift */ = {isa = PBXFileReference; lastKnownFileType = sourcecode.swift; path = Work.swift; sourceTree = "<group>"; };
		F4CDC8DC2861EEFB00BC0D04 /* State.swift */ = {isa = PBXFileReference; lastKnownFileType = sourcecode.swift; path = State.swift; sourceTree = "<group>"; };
		F4CDC8DF2861FDF500BC0D04 /* AdapterPatternViewController.swift */ = {isa = PBXFileReference; lastKnownFileType = sourcecode.swift; path = AdapterPatternViewController.swift; sourceTree = "<group>"; };
/* End PBXFileReference section */

/* Begin PBXFrameworksBuildPhase section */
		F43D9B13284C80D5002708CC /* Frameworks */ = {
			isa = PBXFrameworksBuildPhase;
			buildActionMask = 2147483647;
			files = (
			);
			runOnlyForDeploymentPostprocessing = 0;
		};
/* End PBXFrameworksBuildPhase section */

/* Begin PBXGroup section */
		F43D9B0D284C80D5002708CC = {
			isa = PBXGroup;
			children = (
				F43D9B18284C80D5002708CC /* DesignPattern */,
				F43D9B17284C80D5002708CC /* Products */,
			);
			sourceTree = "<group>";
		};
		F43D9B17284C80D5002708CC /* Products */ = {
			isa = PBXGroup;
			children = (
				F43D9B16284C80D5002708CC /* DesignPattern.app */,
			);
			name = Products;
			sourceTree = "<group>";
		};
		F43D9B18284C80D5002708CC /* DesignPattern */ = {
			isa = PBXGroup;
			children = (
				F43D9B19284C80D5002708CC /* AppDelegate.swift */,
				F43D9B1B284C80D5002708CC /* SceneDelegate.swift */,
				F43D9B1D284C80D5002708CC /* ViewController.swift */,
				F4CDC8CD286159C300BC0D04 /* Utility */,
				F4CDC8D328615B7800BC0D04 /* Part1 */,
				F4CDC8D428615EA200BC0D04 /* Part2 */,
				F43D9B1F284C80D5002708CC /* Main.storyboard */,
				F43D9B22284C80D6002708CC /* Assets.xcassets */,
				F43D9B24284C80D6002708CC /* LaunchScreen.storyboard */,
				F43D9B27284C80D6002708CC /* Info.plist */,
			);
			path = DesignPattern;
			sourceTree = "<group>";
		};
		F43D9B2F284C886B002708CC /* SimpleFactory1 */ = {
			isa = PBXGroup;
			children = (
				F43D9B2D284C851C002708CC /* SimpleFactory1ViewController.swift */,
				F43D9B30284C8909002708CC /* Operation.swift */,
				F43D9B32284C8C68002708CC /* OperationFactory.swift */,
			);
			path = SimpleFactory1;
			sourceTree = "<group>";
		};
		F43D9B34284C92D8002708CC /* SimpleFactory2 */ = {
			isa = PBXGroup;
			children = (
				F43D9B35284C92F3002708CC /* SimpleFactory2ViewController.swift */,
				F43D9B37284C9619002708CC /* CashSuper.swift */,
				F43D9B39284C9C43002708CC /* CashSuperFactory.swift */,
			);
			path = SimpleFactory2;
			sourceTree = "<group>";
		};
		F43D9B3B284CA4CD002708CC /* StrategyPattern */ = {
			isa = PBXGroup;
			children = (
				F43D9B3C284CA510002708CC /* StrategyPatternViewController.swift */,
				F43D9B3E284CAA2E002708CC /* CashContext.swift */,
			);
			path = StrategyPattern;
			sourceTree = "<group>";
		};
		F43D9B40284CC931002708CC /* StrategyPattern_plus_SimpleFactory */ = {
			isa = PBXGroup;
			children = (
				F43D9B41284CCAAD002708CC /* StrategyPatternPlusSimpleFactoryViewController.swift */,
				F43D9B43284CCC76002708CC /* CashContextNew.swift */,
			);
			path = StrategyPattern_plus_SimpleFactory;
			sourceTree = "<group>";
		};
		F4CDC84A2854E38800BC0D04 /* DecoratorPattern */ = {
			isa = PBXGroup;
			children = (
				F4CDC84F285505E300BC0D04 /* DecoratorViewController.swift */,
				F4CDC84B2854E47B00BC0D04 /* Person.swift */,
				F4CDC84D2854F48100BC0D04 /* Finery.swift */,
			);
			path = DecoratorPattern;
			sourceTree = "<group>";
		};
		F4CDC8512855094700BC0D04 /* ProxyPattern */ = {
			isa = PBXGroup;
			children = (
				F4CDC8522855096700BC0D04 /* ProxyViewController.swift */,
				F4CDC8542855898100BC0D04 /* Persuit.swift */,
				F4CDC85628558E1300BC0D04 /* PersuitProxy.swift */,
				F4CDC85828558E3600BC0D04 /* Girl.swift */,
			);
			path = ProxyPattern;
			sourceTree = "<group>";
		};
		F4CDC85A285597D200BC0D04 /* FactoryPattern */ = {
			isa = PBXGroup;
			children = (
				F4CDC85B285597F700BC0D04 /* FactoryViewController.swift */,
				F4CDC85D285598C100BC0D04 /* FacoryProtocol.swift */,
			);
			path = FactoryPattern;
			sourceTree = "<group>";
		};
		F4CDC85F2855BE1200BC0D04 /* FactoryPattern2 */ = {
			isa = PBXGroup;
			children = (
				F4CDC8602855BE5800BC0D04 /* Factory2ViewController.swift */,
				F4CDC8622855BE8500BC0D04 /* Nightingale.swift */,
				F4CDC8642855C03200BC0D04 /* NightingaleFactoryProtocol.swift */,
			);
			path = FactoryPattern2;
			sourceTree = "<group>";
		};
		F4CDC8682855D43400BC0D04 /* ProtoPattern */ = {
			isa = PBXGroup;
			children = (
				F4CDC8692855D46E00BC0D04 /* ProtoViewController.swift */,
				F4CDC88B2855EA1E00BC0D04 /* Resume.swift */,
			);
			path = ProtoPattern;
			sourceTree = "<group>";
		};
		F4CDC88D2855EFB300BC0D04 /* TemplateMethodPattern */ = {
			isa = PBXGroup;
			children = (
				F4CDC88E2855F01000BC0D04 /* TemplateMethodViewController.swift */,
				F4CDC890285778B900BC0D04 /* TeacherPaper.swift */,
			);
			path = TemplateMethodPattern;
			sourceTree = "<group>";
		};
		F4CDC892285A45D200BC0D04 /* FacadePattern */ = {
			isa = PBXGroup;
			children = (
				F4CDC893285DE28000BC0D04 /* FacadeViewController.swift */,
				F4CDC895285DE4C600BC0D04 /* FundInc.swift */,
				F4CDC897285DE66D00BC0D04 /* Stock.swift */,
			);
			path = FacadePattern;
			sourceTree = "<group>";
		};
		F4CDC899285EFBAB00BC0D04 /* BuilderPattern */ = {
			isa = PBXGroup;
			children = (
				F4CDC89A285EFBD700BC0D04 /* BuilderViewController.swift */,
				F4CDC89C285EFC2700BC0D04 /* PersonBuilder.swift */,
				F4CDC89E285EFC6D00BC0D04 /* PersonDirector.swift */,
			);
			path = BuilderPattern;
			sourceTree = "<group>";
		};
		F4CDC8A0285F038100BC0D04 /* BuilderPattern2 */ = {
			isa = PBXGroup;
			children = (
				F4CDC8A1285F042700BC0D04 /* BuilderPattern2ViewController.swift */,
				F4CDC8A7285F0A5C00BC0D04 /* Car.swift */,
				F4CDC8A3285F0A1900BC0D04 /* CarBuilder.swift */,
				F4CDC8A5285F0A4600BC0D04 /* CarDirector.swift */,
			);
			path = BuilderPattern2;
			sourceTree = "<group>";
		};
		F4CDC8A9285F173E00BC0D04 /* ObserverPattern */ = {
			isa = PBXGroup;
			children = (
				F4CDC8AA285F18AA00BC0D04 /* ObserverPatternViewController.swift */,
				F4CDC8AC285F1C6F00BC0D04 /* Informer.swift */,
				F4CDC8AE285F1CB800BC0D04 /* Observer.swift */,
			);
			path = ObserverPattern;
			sourceTree = "<group>";
		};
		F4CDC8B0285F461200BC0D04 /* ObserverPattern_plus_EventHandler */ = {
			isa = PBXGroup;
			children = (
				F4CDC8B2285F469D00BC0D04 /* ObserverPattern_plus_EventHandlerViewController.swift */,
				F4CDC8B9285F492000BC0D04 /* InformerTwo.swift */,
				F4CDC8BB285F493100BC0D04 /* ObserverTwo.swift */,
			);
			path = ObserverPattern_plus_EventHandler;
			sourceTree = "<group>";
		};
		F4CDC8B4285F489A00BC0D04 /* Event */ = {
			isa = PBXGroup;
			children = (
				F4CDC8B5285F48AC00BC0D04 /* Event.swift */,
				F4CDC8B7285F48BE00BC0D04 /* EventHandler.swift */,
			);
			path = Event;
			sourceTree = "<group>";
		};
		F4CDC8BD28609ACC00BC0D04 /* AbstractFactory */ = {
			isa = PBXGroup;
			children = (
				F4CDC8BE28609B5300BC0D04 /* AbstractFactoryViewController.swift */,
				F4CDC8C028609CCF00BC0D04 /* User.swift */,
				F4CDC8C22860A25A00BC0D04 /* AbstractFactoryProtocol.swift */,
				F4CDC8C42860A77F00BC0D04 /* Department.swift */,
				F4CDC8C62860A82E00BC0D04 /* DepartmentFactoryProtocol.swift */,
			);
			path = AbstractFactory;
			sourceTree = "<group>";
		};
		F4CDC8C82860DBF600BC0D04 /* AbstractFactory_plus_SimpleFactory */ = {
			isa = PBXGroup;
			children = (
				F4CDC8C92860DC5400BC0D04 /* AbstractFactory_plus_SimpleFactoryViewController.swift */,
				F4CDC8CB2860DC8300BC0D04 /* DataAccess.swift */,
			);
			path = AbstractFactory_plus_SimpleFactory;
			sourceTree = "<group>";
		};
		F4CDC8CD286159C300BC0D04 /* Utility */ = {
			isa = PBXGroup;
			children = (
				F4CDC8B4285F489A00BC0D04 /* Event */,
				F4CDC8CE286159F000BC0D04 /* Extension */,
			);
			path = Utility;
			sourceTree = "<group>";
		};
		F4CDC8CE286159F000BC0D04 /* Extension */ = {
			isa = PBXGroup;
			children = (
				F4CDC8CF28615A0700BC0D04 /* StringExtension.swift */,
			);
			path = Extension;
			sourceTree = "<group>";
		};
		F4CDC8D328615B7800BC0D04 /* Part1 */ = {
			isa = PBXGroup;
			children = (
				F4CDC8D128615B6200BC0D04 /* Part1ViewController.swift */,
				F43D9B2F284C886B002708CC /* SimpleFactory1 */,
				F43D9B34284C92D8002708CC /* SimpleFactory2 */,
				F43D9B3B284CA4CD002708CC /* StrategyPattern */,
				F43D9B40284CC931002708CC /* StrategyPattern_plus_SimpleFactory */,
				F4CDC84A2854E38800BC0D04 /* DecoratorPattern */,
				F4CDC8512855094700BC0D04 /* ProxyPattern */,
				F4CDC85A285597D200BC0D04 /* FactoryPattern */,
				F4CDC85F2855BE1200BC0D04 /* FactoryPattern2 */,
				F4CDC8682855D43400BC0D04 /* ProtoPattern */,
				F4CDC88D2855EFB300BC0D04 /* TemplateMethodPattern */,
				F4CDC892285A45D200BC0D04 /* FacadePattern */,
				F4CDC899285EFBAB00BC0D04 /* BuilderPattern */,
				F4CDC8A0285F038100BC0D04 /* BuilderPattern2 */,
				F4CDC8A9285F173E00BC0D04 /* ObserverPattern */,
				F4CDC8B0285F461200BC0D04 /* ObserverPattern_plus_EventHandler */,
				F4CDC8BD28609ACC00BC0D04 /* AbstractFactory */,
				F4CDC8C82860DBF600BC0D04 /* AbstractFactory_plus_SimpleFactory */,
			);
			path = Part1;
			sourceTree = "<group>";
		};
		F4CDC8D428615EA200BC0D04 /* Part2 */ = {
			isa = PBXGroup;
			children = (
				F4CDC8D828615EEC00BC0D04 /* Part2ViewController.swift */,
				F4CDC8D728615ED300BC0D04 /* StatePattern */,
				F4CDC8DE2861FDD000BC0D04 /* AdapterPattern */,
			);
			path = Part2;
			sourceTree = "<group>";
		};
		F4CDC8D728615ED300BC0D04 /* StatePattern */ = {
			isa = PBXGroup;
			children = (
				F4CDC8D528615ECE00BC0D04 /* StatePatternViewController.swift */,
				F4CDC8DA2861EEB900BC0D04 /* Work.swift */,
				F4CDC8DC2861EEFB00BC0D04 /* State.swift */,
			);
			path = StatePattern;
			sourceTree = "<group>";
		};
		F4CDC8DE2861FDD000BC0D04 /* AdapterPattern */ = {
			isa = PBXGroup;
			children = (
				F4CDC8DF2861FDF500BC0D04 /* AdapterPatternViewController.swift */,
			);
			path = AdapterPattern;
			sourceTree = "<group>";
		};
/* End PBXGroup section */

/* Begin PBXNativeTarget section */
		F43D9B15284C80D5002708CC /* DesignPattern */ = {
			isa = PBXNativeTarget;
			buildConfigurationList = F43D9B2A284C80D6002708CC /* Build configuration list for PBXNativeTarget "DesignPattern" */;
			buildPhases = (
				F43D9B12284C80D5002708CC /* Sources */,
				F43D9B13284C80D5002708CC /* Frameworks */,
				F43D9B14284C80D5002708CC /* Resources */,
			);
			buildRules = (
			);
			dependencies = (
			);
			name = DesignPattern;
			productName = DesignPattern;
			productReference = F43D9B16284C80D5002708CC /* DesignPattern.app */;
			productType = "com.apple.product-type.application";
		};
/* End PBXNativeTarget section */

/* Begin PBXProject section */
		F43D9B0E284C80D5002708CC /* Project object */ = {
			isa = PBXProject;
			attributes = {
				BuildIndependentTargetsInParallel = 1;
				LastSwiftUpdateCheck = 1340;
				LastUpgradeCheck = 1340;
				TargetAttributes = {
					F43D9B15284C80D5002708CC = {
						CreatedOnToolsVersion = 13.4;
					};
				};
			};
			buildConfigurationList = F43D9B11284C80D5002708CC /* Build configuration list for PBXProject "DesignPattern" */;
			compatibilityVersion = "Xcode 13.0";
			developmentRegion = en;
			hasScannedForEncodings = 0;
			knownRegions = (
				en,
				Base,
			);
			mainGroup = F43D9B0D284C80D5002708CC;
			productRefGroup = F43D9B17284C80D5002708CC /* Products */;
			projectDirPath = "";
			projectRoot = "";
			targets = (
				F43D9B15284C80D5002708CC /* DesignPattern */,
			);
		};
/* End PBXProject section */

/* Begin PBXResourcesBuildPhase section */
		F43D9B14284C80D5002708CC /* Resources */ = {
			isa = PBXResourcesBuildPhase;
			buildActionMask = 2147483647;
			files = (
				F43D9B26284C80D6002708CC /* LaunchScreen.storyboard in Resources */,
				F43D9B23284C80D6002708CC /* Assets.xcassets in Resources */,
				F43D9B21284C80D5002708CC /* Main.storyboard in Resources */,
			);
			runOnlyForDeploymentPostprocessing = 0;
		};
/* End PBXResourcesBuildPhase section */

/* Begin PBXSourcesBuildPhase section */
		F43D9B12284C80D5002708CC /* Sources */ = {
			isa = PBXSourcesBuildPhase;
			buildActionMask = 2147483647;
			files = (
				F4CDC8A2285F042700BC0D04 /* BuilderPattern2ViewController.swift in Sources */,
				F4CDC8CA2860DC5400BC0D04 /* AbstractFactory_plus_SimpleFactoryViewController.swift in Sources */,
				F4CDC8BF28609B5300BC0D04 /* AbstractFactoryViewController.swift in Sources */,
				F4CDC89F285EFC6D00BC0D04 /* PersonDirector.swift in Sources */,
				F4CDC8D928615EEC00BC0D04 /* Part2ViewController.swift in Sources */,
				F4CDC88C2855EA1E00BC0D04 /* Resume.swift in Sources */,
				F43D9B3D284CA510002708CC /* StrategyPatternViewController.swift in Sources */,
				F4CDC8B8285F48BE00BC0D04 /* EventHandler.swift in Sources */,
				F4CDC86A2855D46E00BC0D04 /* ProtoViewController.swift in Sources */,
				F43D9B38284C9619002708CC /* CashSuper.swift in Sources */,
				F4CDC8E02861FDF500BC0D04 /* AdapterPatternViewController.swift in Sources */,
				F4CDC8AD285F1C6F00BC0D04 /* Informer.swift in Sources */,
				F4CDC89B285EFBD700BC0D04 /* BuilderViewController.swift in Sources */,
				F43D9B36284C92F3002708CC /* SimpleFactory2ViewController.swift in Sources */,
				F4CDC84E2854F48100BC0D04 /* Finery.swift in Sources */,
				F43D9B1E284C80D5002708CC /* ViewController.swift in Sources */,
				F4CDC8652855C03200BC0D04 /* NightingaleFactoryProtocol.swift in Sources */,
				F4CDC8B6285F48AC00BC0D04 /* Event.swift in Sources */,
				F4CDC8AB285F18AA00BC0D04 /* ObserverPatternViewController.swift in Sources */,
				F4CDC8C72860A82E00BC0D04 /* DepartmentFactoryProtocol.swift in Sources */,
				F4CDC84C2854E47B00BC0D04 /* Person.swift in Sources */,
				F4CDC88F2855F01000BC0D04 /* TemplateMethodViewController.swift in Sources */,
				F4CDC898285DE66D00BC0D04 /* Stock.swift in Sources */,
				F4CDC8D628615ECE00BC0D04 /* StatePatternViewController.swift in Sources */,
				F4CDC8DD2861EEFB00BC0D04 /* State.swift in Sources */,
				F4CDC89D285EFC2700BC0D04 /* PersonBuilder.swift in Sources */,
				F4CDC8632855BE8500BC0D04 /* Nightingale.swift in Sources */,
				F4CDC85728558E1300BC0D04 /* PersuitProxy.swift in Sources */,
				F4CDC8A8285F0A5C00BC0D04 /* Car.swift in Sources */,
				F43D9B1A284C80D5002708CC /* AppDelegate.swift in Sources */,
				F43D9B1C284C80D5002708CC /* SceneDelegate.swift in Sources */,
				F4CDC8552855898100BC0D04 /* Persuit.swift in Sources */,
				F4CDC8532855096700BC0D04 /* ProxyViewController.swift in Sources */,
				F4CDC894285DE28000BC0D04 /* FacadeViewController.swift in Sources */,
				F43D9B44284CCC76002708CC /* CashContextNew.swift in Sources */,
				F43D9B3F284CAA2E002708CC /* CashContext.swift in Sources */,
				F4CDC8A4285F0A1900BC0D04 /* CarBuilder.swift in Sources */,
				F4CDC8B3285F469D00BC0D04 /* ObserverPattern_plus_EventHandlerViewController.swift in Sources */,
				F4CDC896285DE4C600BC0D04 /* FundInc.swift in Sources */,
				F4CDC8D228615B6200BC0D04 /* Part1ViewController.swift in Sources */,
				F4CDC8A6285F0A4600BC0D04 /* CarDirector.swift in Sources */,
				F4CDC850285505E300BC0D04 /* DecoratorViewController.swift in Sources */,
				F4CDC8DB2861EEB900BC0D04 /* Work.swift in Sources */,
				F43D9B31284C8909002708CC /* Operation.swift in Sources */,
				F4CDC8AF285F1CB800BC0D04 /* Observer.swift in Sources */,
				F4CDC85E285598C100BC0D04 /* FacoryProtocol.swift in Sources */,
				F4CDC85928558E3600BC0D04 /* Girl.swift in Sources */,
				F4CDC8BA285F492000BC0D04 /* InformerTwo.swift in Sources */,
				F4CDC8D028615A0700BC0D04 /* StringExtension.swift in Sources */,
				F43D9B33284C8C68002708CC /* OperationFactory.swift in Sources */,
				F4CDC8CC2860DC8300BC0D04 /* DataAccess.swift in Sources */,
				F4CDC8C128609CCF00BC0D04 /* User.swift in Sources */,
				F4CDC85C285597F700BC0D04 /* FactoryViewController.swift in Sources */,
				F43D9B42284CCAAD002708CC /* StrategyPatternPlusSimpleFactoryViewController.swift in Sources */,
				F43D9B3A284C9C43002708CC /* CashSuperFactory.swift in Sources */,
				F4CDC8612855BE5800BC0D04 /* Factory2ViewController.swift in Sources */,
				F4CDC891285778B900BC0D04 /* TeacherPaper.swift in Sources */,
				F4CDC8C52860A77F00BC0D04 /* Department.swift in Sources */,
				F43D9B2E284C851C002708CC /* SimpleFactory1ViewController.swift in Sources */,
				F4CDC8BC285F493100BC0D04 /* ObserverTwo.swift in Sources */,
				F4CDC8C32860A25A00BC0D04 /* AbstractFactoryProtocol.swift in Sources */,
			);
			runOnlyForDeploymentPostprocessing = 0;
		};
/* End PBXSourcesBuildPhase section */

/* Begin PBXVariantGroup section */
		F43D9B1F284C80D5002708CC /* Main.storyboard */ = {
			isa = PBXVariantGroup;
			children = (
				F43D9B20284C80D5002708CC /* Base */,
			);
			name = Main.storyboard;
			sourceTree = "<group>";
		};
		F43D9B24284C80D6002708CC /* LaunchScreen.storyboard */ = {
			isa = PBXVariantGroup;
			children = (
				F43D9B25284C80D6002708CC /* Base */,
			);
			name = LaunchScreen.storyboard;
			sourceTree = "<group>";
		};
/* End PBXVariantGroup section */

/* Begin XCBuildConfiguration section */
		F43D9B28284C80D6002708CC /* Debug */ = {
			isa = XCBuildConfiguration;
			buildSettings = {
				ALWAYS_SEARCH_USER_PATHS = NO;
				CLANG_ANALYZER_NONNULL = YES;
				CLANG_ANALYZER_NUMBER_OBJECT_CONVERSION = YES_AGGRESSIVE;
				CLANG_CXX_LANGUAGE_STANDARD = "gnu++17";
				CLANG_ENABLE_MODULES = YES;
				CLANG_ENABLE_OBJC_ARC = YES;
				CLANG_ENABLE_OBJC_WEAK = YES;
				CLANG_WARN_BLOCK_CAPTURE_AUTORELEASING = YES;
				CLANG_WARN_BOOL_CONVERSION = YES;
				CLANG_WARN_COMMA = YES;
				CLANG_WARN_CONSTANT_CONVERSION = YES;
				CLANG_WARN_DEPRECATED_OBJC_IMPLEMENTATIONS = YES;
				CLANG_WARN_DIRECT_OBJC_ISA_USAGE = YES_ERROR;
				CLANG_WARN_DOCUMENTATION_COMMENTS = YES;
				CLANG_WARN_EMPTY_BODY = YES;
				CLANG_WARN_ENUM_CONVERSION = YES;
				CLANG_WARN_INFINITE_RECURSION = YES;
				CLANG_WARN_INT_CONVERSION = YES;
				CLANG_WARN_NON_LITERAL_NULL_CONVERSION = YES;
				CLANG_WARN_OBJC_IMPLICIT_RETAIN_SELF = YES;
				CLANG_WARN_OBJC_LITERAL_CONVERSION = YES;
				CLANG_WARN_OBJC_ROOT_CLASS = YES_ERROR;
				CLANG_WARN_QUOTED_INCLUDE_IN_FRAMEWORK_HEADER = YES;
				CLANG_WARN_RANGE_LOOP_ANALYSIS = YES;
				CLANG_WARN_STRICT_PROTOTYPES = YES;
				CLANG_WARN_SUSPICIOUS_MOVE = YES;
				CLANG_WARN_UNGUARDED_AVAILABILITY = YES_AGGRESSIVE;
				CLANG_WARN_UNREACHABLE_CODE = YES;
				CLANG_WARN__DUPLICATE_METHOD_MATCH = YES;
				COPY_PHASE_STRIP = NO;
				DEBUG_INFORMATION_FORMAT = dwarf;
				ENABLE_STRICT_OBJC_MSGSEND = YES;
				ENABLE_TESTABILITY = YES;
				GCC_C_LANGUAGE_STANDARD = gnu11;
				GCC_DYNAMIC_NO_PIC = NO;
				GCC_NO_COMMON_BLOCKS = YES;
				GCC_OPTIMIZATION_LEVEL = 0;
				GCC_PREPROCESSOR_DEFINITIONS = (
					"DEBUG=1",
					"$(inherited)",
				);
				GCC_WARN_64_TO_32_BIT_CONVERSION = YES;
				GCC_WARN_ABOUT_RETURN_TYPE = YES_ERROR;
				GCC_WARN_UNDECLARED_SELECTOR = YES;
				GCC_WARN_UNINITIALIZED_AUTOS = YES_AGGRESSIVE;
				GCC_WARN_UNUSED_FUNCTION = YES;
				GCC_WARN_UNUSED_VARIABLE = YES;
				IPHONEOS_DEPLOYMENT_TARGET = 15.5;
				MTL_ENABLE_DEBUG_INFO = INCLUDE_SOURCE;
				MTL_FAST_MATH = YES;
				ONLY_ACTIVE_ARCH = YES;
				SDKROOT = iphoneos;
				SWIFT_ACTIVE_COMPILATION_CONDITIONS = DEBUG;
				SWIFT_OPTIMIZATION_LEVEL = "-Onone";
			};
			name = Debug;
		};
		F43D9B29284C80D6002708CC /* Release */ = {
			isa = XCBuildConfiguration;
			buildSettings = {
				ALWAYS_SEARCH_USER_PATHS = NO;
				CLANG_ANALYZER_NONNULL = YES;
				CLANG_ANALYZER_NUMBER_OBJECT_CONVERSION = YES_AGGRESSIVE;
				CLANG_CXX_LANGUAGE_STANDARD = "gnu++17";
				CLANG_ENABLE_MODULES = YES;
				CLANG_ENABLE_OBJC_ARC = YES;
				CLANG_ENABLE_OBJC_WEAK = YES;
				CLANG_WARN_BLOCK_CAPTURE_AUTORELEASING = YES;
				CLANG_WARN_BOOL_CONVERSION = YES;
				CLANG_WARN_COMMA = YES;
				CLANG_WARN_CONSTANT_CONVERSION = YES;
				CLANG_WARN_DEPRECATED_OBJC_IMPLEMENTATIONS = YES;
				CLANG_WARN_DIRECT_OBJC_ISA_USAGE = YES_ERROR;
				CLANG_WARN_DOCUMENTATION_COMMENTS = YES;
				CLANG_WARN_EMPTY_BODY = YES;
				CLANG_WARN_ENUM_CONVERSION = YES;
				CLANG_WARN_INFINITE_RECURSION = YES;
				CLANG_WARN_INT_CONVERSION = YES;
				CLANG_WARN_NON_LITERAL_NULL_CONVERSION = YES;
				CLANG_WARN_OBJC_IMPLICIT_RETAIN_SELF = YES;
				CLANG_WARN_OBJC_LITERAL_CONVERSION = YES;
				CLANG_WARN_OBJC_ROOT_CLASS = YES_ERROR;
				CLANG_WARN_QUOTED_INCLUDE_IN_FRAMEWORK_HEADER = YES;
				CLANG_WARN_RANGE_LOOP_ANALYSIS = YES;
				CLANG_WARN_STRICT_PROTOTYPES = YES;
				CLANG_WARN_SUSPICIOUS_MOVE = YES;
				CLANG_WARN_UNGUARDED_AVAILABILITY = YES_AGGRESSIVE;
				CLANG_WARN_UNREACHABLE_CODE = YES;
				CLANG_WARN__DUPLICATE_METHOD_MATCH = YES;
				COPY_PHASE_STRIP = NO;
				DEBUG_INFORMATION_FORMAT = "dwarf-with-dsym";
				ENABLE_NS_ASSERTIONS = NO;
				ENABLE_STRICT_OBJC_MSGSEND = YES;
				GCC_C_LANGUAGE_STANDARD = gnu11;
				GCC_NO_COMMON_BLOCKS = YES;
				GCC_WARN_64_TO_32_BIT_CONVERSION = YES;
				GCC_WARN_ABOUT_RETURN_TYPE = YES_ERROR;
				GCC_WARN_UNDECLARED_SELECTOR = YES;
				GCC_WARN_UNINITIALIZED_AUTOS = YES_AGGRESSIVE;
				GCC_WARN_UNUSED_FUNCTION = YES;
				GCC_WARN_UNUSED_VARIABLE = YES;
				IPHONEOS_DEPLOYMENT_TARGET = 15.5;
				MTL_ENABLE_DEBUG_INFO = NO;
				MTL_FAST_MATH = YES;
				SDKROOT = iphoneos;
				SWIFT_COMPILATION_MODE = wholemodule;
				SWIFT_OPTIMIZATION_LEVEL = "-O";
				VALIDATE_PRODUCT = YES;
			};
			name = Release;
		};
		F43D9B2B284C80D6002708CC /* Debug */ = {
			isa = XCBuildConfiguration;
			buildSettings = {
				ASSETCATALOG_COMPILER_APPICON_NAME = AppIcon;
				ASSETCATALOG_COMPILER_GLOBAL_ACCENT_COLOR_NAME = AccentColor;
				CODE_SIGN_STYLE = Automatic;
				CURRENT_PROJECT_VERSION = 1;
				DEVELOPMENT_TEAM = HA9F856YHB;
				GENERATE_INFOPLIST_FILE = YES;
				INFOPLIST_FILE = DesignPattern/Info.plist;
				INFOPLIST_KEY_UIApplicationSupportsIndirectInputEvents = YES;
				INFOPLIST_KEY_UILaunchStoryboardName = LaunchScreen;
				INFOPLIST_KEY_UIMainStoryboardFile = Main;
				INFOPLIST_KEY_UISupportedInterfaceOrientations_iPad = "UIInterfaceOrientationPortrait UIInterfaceOrientationPortraitUpsideDown UIInterfaceOrientationLandscapeLeft UIInterfaceOrientationLandscapeRight";
				INFOPLIST_KEY_UISupportedInterfaceOrientations_iPhone = "UIInterfaceOrientationPortrait UIInterfaceOrientationLandscapeLeft UIInterfaceOrientationLandscapeRight";
				LD_RUNPATH_SEARCH_PATHS = (
					"$(inherited)",
					"@executable_path/Frameworks",
				);
				MARKETING_VERSION = 1.0;
				PRODUCT_BUNDLE_IDENTIFIER = william.DesignPattern;
				PRODUCT_NAME = "$(TARGET_NAME)";
				SWIFT_EMIT_LOC_STRINGS = YES;
				SWIFT_VERSION = 5.0;
				TARGETED_DEVICE_FAMILY = "1,2";
			};
			name = Debug;
		};
		F43D9B2C284C80D6002708CC /* Release */ = {
			isa = XCBuildConfiguration;
			buildSettings = {
				ASSETCATALOG_COMPILER_APPICON_NAME = AppIcon;
				ASSETCATALOG_COMPILER_GLOBAL_ACCENT_COLOR_NAME = AccentColor;
				CODE_SIGN_STYLE = Automatic;
				CURRENT_PROJECT_VERSION = 1;
				DEVELOPMENT_TEAM = HA9F856YHB;
				GENERATE_INFOPLIST_FILE = YES;
				INFOPLIST_FILE = DesignPattern/Info.plist;
				INFOPLIST_KEY_UIApplicationSupportsIndirectInputEvents = YES;
				INFOPLIST_KEY_UILaunchStoryboardName = LaunchScreen;
				INFOPLIST_KEY_UIMainStoryboardFile = Main;
				INFOPLIST_KEY_UISupportedInterfaceOrientations_iPad = "UIInterfaceOrientationPortrait UIInterfaceOrientationPortraitUpsideDown UIInterfaceOrientationLandscapeLeft UIInterfaceOrientationLandscapeRight";
				INFOPLIST_KEY_UISupportedInterfaceOrientations_iPhone = "UIInterfaceOrientationPortrait UIInterfaceOrientationLandscapeLeft UIInterfaceOrientationLandscapeRight";
				LD_RUNPATH_SEARCH_PATHS = (
					"$(inherited)",
					"@executable_path/Frameworks",
				);
				MARKETING_VERSION = 1.0;
				PRODUCT_BUNDLE_IDENTIFIER = william.DesignPattern;
				PRODUCT_NAME = "$(TARGET_NAME)";
				SWIFT_EMIT_LOC_STRINGS = YES;
				SWIFT_VERSION = 5.0;
				TARGETED_DEVICE_FAMILY = "1,2";
			};
			name = Release;
		};
/* End XCBuildConfiguration section */

/* Begin XCConfigurationList section */
		F43D9B11284C80D5002708CC /* Build configuration list for PBXProject "DesignPattern" */ = {
			isa = XCConfigurationList;
			buildConfigurations = (
				F43D9B28284C80D6002708CC /* Debug */,
				F43D9B29284C80D6002708CC /* Release */,
			);
			defaultConfigurationIsVisible = 0;
			defaultConfigurationName = Release;
		};
		F43D9B2A284C80D6002708CC /* Build configuration list for PBXNativeTarget "DesignPattern" */ = {
			isa = XCConfigurationList;
			buildConfigurations = (
				F43D9B2B284C80D6002708CC /* Debug */,
				F43D9B2C284C80D6002708CC /* Release */,
			);
			defaultConfigurationIsVisible = 0;
			defaultConfigurationName = Release;
		};
/* End XCConfigurationList section */
	};
	rootObject = F43D9B0E284C80D5002708CC /* Project object */;
}
